# THIS IS AN AUTOGENERATED FILE. DO NOT EDIT THIS FILE DIRECTLY.
# yarn lockfile v1


"@types/node@^15.6.1":
  "integrity" "sha1-vEPJkMPJvnKBhou8e4/dbitXrfo="
  "resolved" "https://registry.npmmirror.com/@types/node/download/@types/node-15.14.9.tgz"
  "version" "15.14.9"

"@types/prop-types@*":
  "integrity" "sha1-/PcgXCXf95Xuea8eMNosl5CAjxE="
  "resolved" "https://registry.npmmirror.com/@types/prop-types/download/@types/prop-types-15.7.4.tgz?cache=0&sync_timestamp=1637270164807&other_urls=https%3A%2F%2Fregistry.npmmirror.com%2F%40types%2Fprop-types%2Fdownload%2F%40types%2Fprop-types-15.7.4.tgz"
  "version" "15.7.4"

"@types/react@^17.0.8":
  "integrity" "sha512-2FS1oTqBGcH/s0E+CjrCCR9+JMpsu9b69RTFO+40ua43ZqP5MmQ4iUde/dMjWR909KxZwmOQIFq6AV6NjEG5xg=="
  "resolved" "https://registry.npmmirror.com/@types/react/download/@types/react-17.0.37.tgz"
  "version" "17.0.37"
  dependencies:
    "@types/prop-types" "*"
    "@types/scheduler" "*"
    "csstype" "^3.0.2"

"@types/scheduler@*":
  "integrity" "sha1-GmL4lSVyPd4kuhsBsJK/XfitTTk="
  "resolved" "https://registry.npmmirror.com/@types/scheduler/download/@types/scheduler-0.16.2.tgz?cache=0&sync_timestamp=1637270322974&other_urls=https%3A%2F%2Fregistry.npmmirror.com%2F%40types%2Fscheduler%2Fdownload%2F%40types%2Fscheduler-0.16.2.tgz"
  "version" "0.16.2"

"csstype@^3.0.2":
  "integrity" "sha512-2u44ZG2OcNUO9HDp/Jl8C07x6pU/eTR3ncV91SiK3dhG9TWvRVsCoJw14Ckx5DgWkzGA3waZWO3d7pgqpUI/XA=="
  "resolved" "https://registry.npmmirror.com/csstype/download/csstype-3.0.10.tgz?cache=0&other_urls=https%3A%2F%2Fregistry.npmmirror.com%2Fcsstype%2Fdownload%2Fcsstype-3.0.10.tgz"
  "version" "3.0.10"

"js-tokens@^3.0.0 || ^4.0.0":
  "integrity" "sha1-GSA/tZmR35jjoocFDUZHzerzJJk="
  "resolved" "https://registry.nlark.com/js-tokens/download/js-tokens-4.0.0.tgz?cache=0&sync_timestamp=1619345098261&other_urls=https%3A%2F%2Fregistry.nlark.com%2Fjs-tokens%2Fdownload%2Fjs-tokens-4.0.0.tgz"
  "version" "4.0.0"

"loose-envify@^1.1.0":
  "integrity" "sha1-ce5R+nvkyuwaY4OffmgtgTLTDK8="
  "resolved" "https://registry.nlark.com/loose-envify/download/loose-envify-1.4.0.tgz"
  "version" "1.4.0"
  dependencies:
    "js-tokens" "^3.0.0 || ^4.0.0"

"object-assign@^4.1.1":
  "integrity" "sha1-IQmtx5ZYh8/AXLvUQsrIv7s2CGM="
  "resolved" "https://registry.npmmirror.com/object-assign/download/object-assign-4.1.1.tgz"
  "version" "4.1.1"

"react@^17.0.2":
  "integrity" "sha1-0LXMUW0p6z7uOD91tihkz7aAADc="
  "resolved" "https://registry.npmmirror.com/react/download/react-17.0.2.tgz"
  "version" "17.0.2"
  dependencies:
    "loose-envify" "^1.1.0"
    "object-assign" "^4.1.1"

"typescript@^4.3.2":
  "integrity" "sha512-VgYs2A2QIRuGphtzFV7aQJduJ2gyfTljngLzjpfW9FoYZF6xuw1W0vW9ghCKLfcWrCFxK81CSGRAvS1pn4fIUg=="
  "resolved" "https://registry.npmmirror.com/typescript/download/typescript-4.5.4.tgz"
  "version" "4.5.4"
